
Microsoft Visual Studio Solution File, Format Version 12.00
# Visual Studio Version 17
VisualStudioVersion = 17.8.34316.72
MinimumVisualStudioVersion = 10.0.40219.1
Project("{9A19103F-16F7-4668-BE54-9A1E7A4F7556}") = "DesafioFundamentos", "DesafioFundamentos.csproj", "{9C88BD9B-0C94-45F1-AE54-ED018E7C591E}"
EndProject
Global
	GlobalSection(SolutionConfigurationPlatforms) = preSolution
		Debug|Any CPU = Debug|Any CPU
		Release|Any CPU = Release|Any CPU
	EndGlobalSection
	GlobalSection(ProjectConfigurationPlatforms) = postSolution
		{9C88BD9B-0C94-45F1-AE54-ED018E7C591E}.Debug|Any CPU.ActiveCfg = Debug|Any CPU
		{9C88BD9B-0C94-45F1-AE54-ED018E7C591E}.Debug|Any CPU.Build.0 = Debug|Any CPU
		{9C88BD9B-0C94-45F1-AE54-ED018E7C591E}.Release|Any CPU.ActiveCfg = Release|Any CPU
		{9C88BD9B-0C94-45F1-AE54-ED018E7C591E}.Release|Any CPU.Build.0 = Release|Any CPU
	EndGlobalSection
	GlobalSection(SolutionProperties) = preSolution
		HideSolutionNode = FALSE
	EndGlobalSection
	GlobalSection(ExtensibilityGlobals) = postSolution
		SolutionGuid = {BAAE9C2E-9610-4A4B-ACFD-A9FDC890C165}
	EndGlobalSection
EndGlobal
